[[external_source]]
id = "target-source"
git = "https://invalid.example/target.git"
checkout_role = "deployment-operated"

[[external_source]]
id = "platform-source"
git = "https://invalid.example/platform.git"
checkout_role = "deployment-operated"

[[external_source]]
id = "engine-source"
git = "https://invalid.example/engine.git"
checkout_role = "deployment-operated"

[[external_source]]
id = "fkst-ops"
git = "https://invalid.example/ops.git"
checkout_role = "mechanism"
[external_source.resolved]
rev = "4444444444444444444444444444444444444444"

[[external_source]]
id = "package-source"
git = "https://invalid.example/packages-extra.git"
checkout_role = "deployment-operated"
